
Microsoft Visual Studio Solution File, Format Version 11.00
# Visual Studio 2010
Project("{FAE04EC0-301F-11D3-BF4B-00C04F79EFBC}") = "Unity.Rider.Editor", "Unity.Rider.Editor.csproj", "{03392056-08d6-3a02-9904-8790d7aa7f51}"
EndProject
Project("{FAE04EC0-301F-11D3-BF4B-00C04F79EFBC}") = "Assembly-CSharp", "Assembly-CSharp.csproj", "{d06dafd1-1b5a-39e8-475f-16617363497d}"
EndProject
Global
	GlobalSection(SolutionConfigurationPlatforms) = preSolution
		Debug|Any CPU = Debug|Any CPU
	EndGlobalSection
	GlobalSection(ProjectConfigurationPlatforms) = postSolution
		{03392056-08d6-3a02-9904-8790d7aa7f51}.Debug|Any CPU.ActiveCfg = Debug|Any CPU
		{03392056-08d6-3a02-9904-8790d7aa7f51}.Debug|Any CPU.Build.0 = Debug|Any CPU
		{d06dafd1-1b5a-39e8-475f-16617363497d}.Debug|Any CPU.ActiveCfg = Debug|Any CPU
		{d06dafd1-1b5a-39e8-475f-16617363497d}.Debug|Any CPU.Build.0 = Debug|Any CPU
	EndGlobalSection
	GlobalSection(SolutionProperties) = preSolution
		HideSolutionNode = FALSE
	EndGlobalSection
EndGlobal
